
Microsoft Visual Studio Solution File, Format Version 12.00
# Visual Studio 15
VisualStudioVersion = 15.0.27130.2027
MinimumVisualStudioVersion = 10.0.40219.1
Project("{FAE04EC0-301F-11D3-BF4B-00C04F79EFBC}") = "Lands_and_owners", "Lands_and_owners\Lands_and_owners.csproj", "{0C1BEB0D-86B5-41DF-9235-5390313A5505}"
EndProject
Global
	GlobalSection(SolutionConfigurationPlatforms) = preSolution
		Debug|Any CPU = Debug|Any CPU
		Release|Any CPU = Release|Any CPU
	EndGlobalSection
	GlobalSection(ProjectConfigurationPlatforms) = postSolution
		{0C1BEB0D-86B5-41DF-9235-5390313A5505}.Debug|Any CPU.ActiveCfg = Debug|Any CPU
		{0C1BEB0D-86B5-41DF-9235-5390313A5505}.Debug|Any CPU.Build.0 = Debug|Any CPU
		{0C1BEB0D-86B5-41DF-9235-5390313A5505}.Release|Any CPU.ActiveCfg = Release|Any CPU
		{0C1BEB0D-86B5-41DF-9235-5390313A5505}.Release|Any CPU.Build.0 = Release|Any CPU
	EndGlobalSection
	GlobalSection(SolutionProperties) = preSolution
		HideSolutionNode = FALSE
	EndGlobalSection
	GlobalSection(ExtensibilityGlobals) = postSolution
		SolutionGuid = {6BA310C2-E999-40DF-AE69-168488584DC8}
	EndGlobalSection
EndGlobal
